
Microsoft Visual Studio Solution File, Format Version 12.00
# Visual Studio Version 16
VisualStudioVersion = 16.0.31729.503
MinimumVisualStudioVersion = 10.0.40219.1
Project("{FAE04EC0-301F-11D3-BF4B-00C04F79EFBC}") = "2dArrays", "2dArrays\2dArrays.csproj", "{4B837F15-E86C-450E-A74B-D93A8273E3A3}"
EndProject
Project("{FAE04EC0-301F-11D3-BF4B-00C04F79EFBC}") = "Calculator", "Calculator\Calculator.csproj", "{1BF25927-13FF-45B6-8999-AE596E5F786D}"
EndProject
Global
	GlobalSection(SolutionConfigurationPlatforms) = preSolution
		Debug|Any CPU = Debug|Any CPU
		Release|Any CPU = Release|Any CPU
	EndGlobalSection
	GlobalSection(ProjectConfigurationPlatforms) = postSolution
		{4B837F15-E86C-450E-A74B-D93A8273E3A3}.Debug|Any CPU.ActiveCfg = Debug|Any CPU
		{4B837F15-E86C-450E-A74B-D93A8273E3A3}.Debug|Any CPU.Build.0 = Debug|Any CPU
		{4B837F15-E86C-450E-A74B-D93A8273E3A3}.Release|Any CPU.ActiveCfg = Release|Any CPU
		{4B837F15-E86C-450E-A74B-D93A8273E3A3}.Release|Any CPU.Build.0 = Release|Any CPU
		{1BF25927-13FF-45B6-8999-AE596E5F786D}.Debug|Any CPU.ActiveCfg = Debug|Any CPU
		{1BF25927-13FF-45B6-8999-AE596E5F786D}.Debug|Any CPU.Build.0 = Debug|Any CPU
		{1BF25927-13FF-45B6-8999-AE596E5F786D}.Release|Any CPU.ActiveCfg = Release|Any CPU
		{1BF25927-13FF-45B6-8999-AE596E5F786D}.Release|Any CPU.Build.0 = Release|Any CPU
	EndGlobalSection
	GlobalSection(SolutionProperties) = preSolution
		HideSolutionNode = FALSE
	EndGlobalSection
	GlobalSection(ExtensibilityGlobals) = postSolution
		SolutionGuid = {846FE9DE-FB5F-4040-BDD3-14061C94052B}
	EndGlobalSection
EndGlobal
